
Microsoft Visual Studio Solution File, Format Version 12.00
# Visual Studio Version 17
VisualStudioVersion = 17.13.35825.156 d17.13
MinimumVisualStudioVersion = 10.0.40219.1
Project("{FAE04EC0-301F-11D3-BF4B-00C04F79EFBC}") = "backend", "backend\backend.csproj", "{1C45D9AB-BCF2-4B90-8D1F-45562FDF9D12}"
EndProject
Global
	GlobalSection(SolutionConfigurationPlatforms) = preSolution
		Debug|Any CPU = Debug|Any CPU
		Release|Any CPU = Release|Any CPU
	EndGlobalSection
	GlobalSection(ProjectConfigurationPlatforms) = postSolution
		{1C45D9AB-BCF2-4B90-8D1F-45562FDF9D12}.Debug|Any CPU.ActiveCfg = Debug|Any CPU
		{1C45D9AB-BCF2-4B90-8D1F-45562FDF9D12}.Debug|Any CPU.Build.0 = Debug|Any CPU
		{1C45D9AB-BCF2-4B90-8D1F-45562FDF9D12}.Release|Any CPU.ActiveCfg = Release|Any CPU
		{1C45D9AB-BCF2-4B90-8D1F-45562FDF9D12}.Release|Any CPU.Build.0 = Release|Any CPU
	EndGlobalSection
	GlobalSection(SolutionProperties) = preSolution
		HideSolutionNode = FALSE
	EndGlobalSection
	GlobalSection(ExtensibilityGlobals) = postSolution
		SolutionGuid = {11A5F6C6-403F-4325-9D8E-85BED35B58CC}
	EndGlobalSection
EndGlobal
